
Microsoft Visual Studio Solution File, Format Version 12.00
# Visual Studio 2013
VisualStudioVersion = 12.0.30501.0
MinimumVisualStudioVersion = 10.0.40219.1
Project("{FAE04EC0-301F-11D3-BF4B-00C04F79EFBC}") = "EdeaDay.GestaoDeIdeias.Model", "EdeaDay.GestaoDeIdeias.Model\EdeaDay.GestaoDeIdeias.Model.csproj", "{BA92C45B-F8A6-46DA-A2E1-159198F0F0FA}"
EndProject
Project("{FAE04EC0-301F-11D3-BF4B-00C04F79EFBC}") = "EdeaDay.GestaoDeIdeias.Repository", "EdeaDay.GestaoDeIdeias.Repository\EdeaDay.GestaoDeIdeias.Repository.csproj", "{201DF0C2-D4E4-48C4-953A-D960EA8374E7}"
EndProject
Project("{FAE04EC0-301F-11D3-BF4B-00C04F79EFBC}") = "EdeaDay.GestaoDeIdeias.Site", "EdeaDay.GestaoDeIdeias\EdeaDay.GestaoDeIdeias.Site.csproj", "{84214F9F-8D0F-49F5-A7C8-C6ECF9E6F8C6}"
EndProject
Global
	GlobalSection(TeamFoundationVersionControl) = preSolution
		SccNumberOfProjects = 4
		SccEnterpriseProvider = {4CA58AB2-18FA-4F8D-95D4-32DDF27D184C}
		SccTeamFoundationServer = http://tfs.minhavida.com.br:8080/tfs/minhavida
		SccLocalPath0 = .
		SccProjectUniqueName1 = EdeaDay.GestaoDeIdeias.Model\\EdeaDay.GestaoDeIdeias.Model.csproj
		SccProjectName1 = EdeaDay.GestaoDeIdeias.Model
		SccLocalPath1 = EdeaDay.GestaoDeIdeias.Model
		SccProjectUniqueName2 = EdeaDay.GestaoDeIdeias.Repository\\EdeaDay.GestaoDeIdeias.Repository.csproj
		SccProjectName2 = EdeaDay.GestaoDeIdeias.Repository
		SccLocalPath2 = EdeaDay.GestaoDeIdeias.Repository
		SccProjectUniqueName3 = EdeaDay.GestaoDeIdeias\\EdeaDay.GestaoDeIdeias.Site.csproj
		SccProjectName3 = EdeaDay.GestaoDeIdeias
		SccLocalPath3 = EdeaDay.GestaoDeIdeias
	EndGlobalSection
	GlobalSection(SolutionConfigurationPlatforms) = preSolution
		Debug|Any CPU = Debug|Any CPU
		Release|Any CPU = Release|Any CPU
	EndGlobalSection
	GlobalSection(ProjectConfigurationPlatforms) = postSolution
		{BA92C45B-F8A6-46DA-A2E1-159198F0F0FA}.Debug|Any CPU.ActiveCfg = Debug|Any CPU
		{BA92C45B-F8A6-46DA-A2E1-159198F0F0FA}.Debug|Any CPU.Build.0 = Debug|Any CPU
		{BA92C45B-F8A6-46DA-A2E1-159198F0F0FA}.Release|Any CPU.ActiveCfg = Release|Any CPU
		{BA92C45B-F8A6-46DA-A2E1-159198F0F0FA}.Release|Any CPU.Build.0 = Release|Any CPU
		{201DF0C2-D4E4-48C4-953A-D960EA8374E7}.Debug|Any CPU.ActiveCfg = Debug|Any CPU
		{201DF0C2-D4E4-48C4-953A-D960EA8374E7}.Debug|Any CPU.Build.0 = Debug|Any CPU
		{201DF0C2-D4E4-48C4-953A-D960EA8374E7}.Release|Any CPU.ActiveCfg = Release|Any CPU
		{201DF0C2-D4E4-48C4-953A-D960EA8374E7}.Release|Any CPU.Build.0 = Release|Any CPU
		{84214F9F-8D0F-49F5-A7C8-C6ECF9E6F8C6}.Debug|Any CPU.ActiveCfg = Debug|Any CPU
		{84214F9F-8D0F-49F5-A7C8-C6ECF9E6F8C6}.Debug|Any CPU.Build.0 = Debug|Any CPU
		{84214F9F-8D0F-49F5-A7C8-C6ECF9E6F8C6}.Release|Any CPU.ActiveCfg = Release|Any CPU
		{84214F9F-8D0F-49F5-A7C8-C6ECF9E6F8C6}.Release|Any CPU.Build.0 = Release|Any CPU
	EndGlobalSection
	GlobalSection(SolutionProperties) = preSolution
		HideSolutionNode = FALSE
	EndGlobalSection
EndGlobal
